
Microsoft Visual Studio Solution File, Format Version 12.00
# Visual Studio Version 17
VisualStudioVersion = 17.6.33815.320
MinimumVisualStudioVersion = 10.0.40219.1
Project("{FAE04EC0-301F-11D3-BF4B-00C04F79EFBC}") = "Send_Mail_Test", "Send_Mail_Test.csproj", "{C49BCC7F-07F3-4F27-A455-210D3AA9A446}"
EndProject
Global
	GlobalSection(SolutionConfigurationPlatforms) = preSolution
		Debug|Any CPU = Debug|Any CPU
		Release|Any CPU = Release|Any CPU
	EndGlobalSection
	GlobalSection(ProjectConfigurationPlatforms) = postSolution
		{C49BCC7F-07F3-4F27-A455-210D3AA9A446}.Debug|Any CPU.ActiveCfg = Debug|Any CPU
		{C49BCC7F-07F3-4F27-A455-210D3AA9A446}.Debug|Any CPU.Build.0 = Debug|Any CPU
		{C49BCC7F-07F3-4F27-A455-210D3AA9A446}.Release|Any CPU.ActiveCfg = Release|Any CPU
		{C49BCC7F-07F3-4F27-A455-210D3AA9A446}.Release|Any CPU.Build.0 = Release|Any CPU
	EndGlobalSection
	GlobalSection(SolutionProperties) = preSolution
		HideSolutionNode = FALSE
	EndGlobalSection
	GlobalSection(ExtensibilityGlobals) = postSolution
		SolutionGuid = {AEEF2272-CBB7-4637-BB84-7F6DAAF86C4A}
	EndGlobalSection
EndGlobal
